
Microsoft Visual Studio Solution File, Format Version 12.00
# Visual Studio Version 17
VisualStudioVersion = 17.4.33122.133
MinimumVisualStudioVersion = 10.0.40219.1
Project("{FAE04EC0-301F-11D3-BF4B-00C04F79EFBC}") = "SinemaProje", "SinemaProje\SinemaProje.csproj", "{7E5C1E33-F031-446F-8849-93A7DAA05EF2}"
EndProject
Global
	GlobalSection(SolutionConfigurationPlatforms) = preSolution
		Debug|Any CPU = Debug|Any CPU
		Release|Any CPU = Release|Any CPU
	EndGlobalSection
	GlobalSection(ProjectConfigurationPlatforms) = postSolution
		{7E5C1E33-F031-446F-8849-93A7DAA05EF2}.Debug|Any CPU.ActiveCfg = Debug|Any CPU
		{7E5C1E33-F031-446F-8849-93A7DAA05EF2}.Debug|Any CPU.Build.0 = Debug|Any CPU
		{7E5C1E33-F031-446F-8849-93A7DAA05EF2}.Release|Any CPU.ActiveCfg = Release|Any CPU
		{7E5C1E33-F031-446F-8849-93A7DAA05EF2}.Release|Any CPU.Build.0 = Release|Any CPU
	EndGlobalSection
	GlobalSection(SolutionProperties) = preSolution
		HideSolutionNode = FALSE
	EndGlobalSection
	GlobalSection(ExtensibilityGlobals) = postSolution
		SolutionGuid = {86639D9E-98B2-44D7-860D-AEDD0D06A4B5}
	EndGlobalSection
EndGlobal
